
Microsoft Visual Studio Solution File, Format Version 12.00
# Visual Studio Version 16
VisualStudioVersion = 16.0.32413.511
MinimumVisualStudioVersion = 10.0.40219.1
Project("{FAE04EC0-301F-11D3-BF4B-00C04F79EFBC}") = "Switch Case ile Hesaplama", "Switch Case ile Hesaplama\Switch Case ile Hesaplama.csproj", "{AF201A85-FB60-4145-B08E-37914AB6776E}"
EndProject
Global
	GlobalSection(SolutionConfigurationPlatforms) = preSolution
		Debug|Any CPU = Debug|Any CPU
		Release|Any CPU = Release|Any CPU
	EndGlobalSection
	GlobalSection(ProjectConfigurationPlatforms) = postSolution
		{AF201A85-FB60-4145-B08E-37914AB6776E}.Debug|Any CPU.ActiveCfg = Debug|Any CPU
		{AF201A85-FB60-4145-B08E-37914AB6776E}.Debug|Any CPU.Build.0 = Debug|Any CPU
		{AF201A85-FB60-4145-B08E-37914AB6776E}.Release|Any CPU.ActiveCfg = Release|Any CPU
		{AF201A85-FB60-4145-B08E-37914AB6776E}.Release|Any CPU.Build.0 = Release|Any CPU
	EndGlobalSection
	GlobalSection(SolutionProperties) = preSolution
		HideSolutionNode = FALSE
	EndGlobalSection
	GlobalSection(ExtensibilityGlobals) = postSolution
		SolutionGuid = {25CF3934-163D-44CB-B4EF-FB7A94EDA1F1}
	EndGlobalSection
EndGlobal
